{
  "name": "@anio-software/pkg.random-identifier",
  "version": "0.0.2",
  "lockfileVersion": 3,
  "requires": true,
  "packages": {
    "": {
      "name": "@anio-software/pkg.random-identifier",
      "version": "0.0.2",
      "license": "MIT",
      "devDependencies": {
        "@anio-software/enkore": "^0.0.174-canary-ae146ae5-df05f6b5",
        "@anio-software/enkore.core": "^0.11.22-canary-5564f69f-71984fdf",
        "@anio-software/enkore.target-js-hybrid-lite": "^0.0.313-canary-4f62b267-cb58752f"
      }
    },
    "node_modules/@anio-software/enkore": {
      "version": "0.0.174-canary-ae146ae5-df05f6b5",
      "resolved": "https://npm-registry.anio.software/@anio-software/enkore/-/enkore-0.0.174-canary-ae146ae5-df05f6b5.tgz",
      "integrity": "sha512-PApYZ/a267yGo73SHrP96IfXEQhFBhpHT/bDXFZLCJxNjcsKFQvrOjYTEhMujTHSAXfHiiqh9k7OW32IW7TLDg==",
      "dev": true,
      "license": "MIT",
      "bin": {
        "enkore": "bin/enkore.mjs"
      },
      "engines": {
        "node": ">=23.6.x"
      }
    },
    "node_modules/@anio-software/enkore.core": {
      "version": "0.11.22-canary-5564f69f-71984fdf",
      "resolved": "https://npm-registry.anio.software/@anio-software/enkore.core/-/enkore.core-0.11.22-canary-5564f69f-71984fdf.tgz",
      "integrity": "sha512-nS1tc9haDwslJgG68ZWZjsOGFxBw4yIx87sSps3lm/+xEJ+XUk5uSJiIAqI/lvTXlg05/CBH7Y1JCJe/16NSMg==",
      "dev": true,
      "license": "MIT",
      "engines": {
        "node": ">=23.6.x"
      }
    },
    "node_modules/@anio-software/enkore.js-runtime": {
      "version": "0.0.11",
      "resolved": "https://npm-registry.anio.software/@anio-software/enkore.js-runtime/-/enkore.js-runtime-0.0.11.tgz",
      "integrity": "sha512-UzIqoI9rc2NNs4DssTT34LAaW3yOaj5nSd4cnOE5eesHswTcNJBO0U3yVeGLZdg90684hvCDRr/P+q6/qQTqow==",
      "dev": true,
      "license": "MIT",
      "peer": true,
      "engines": {
        "node": ">=23.6.x"
      }
    },
    "node_modules/@anio-software/enkore.target-js-hybrid-lite": {
      "version": "0.0.313-canary-4f62b267-cb58752f",
      "resolved": "https://npm-registry.anio.software/@anio-software/enkore.target-js-hybrid-lite/-/enkore.target-js-hybrid-lite-0.0.313-canary-4f62b267-cb58752f.tgz",
      "integrity": "sha512-cgEMi2idvu6tlb1P8i/wNBbyPNjESCfUN3TjCRqYS61tubH3uvX8nBqYQ2xQBV/XRYH7z3R6XTBts5jSokZL+w==",
      "dev": true,
      "license": "MIT",
      "peerDependencies": {
        "@anio-software/enkore.js-runtime": ">=0.0.10",
        "@types/node": ">=22.7.x",
        "@types/web": ">=0.0.235"
      }
    },
    "node_modules/@types/node": {
      "version": "24.0.10",
      "resolved": "https://registry.npmjs.org/@types/node/-/node-24.0.10.tgz",
      "integrity": "sha512-ENHwaH+JIRTDIEEbDK6QSQntAYGtbvdDXnMXnZaZ6k13Du1dPMmprkEHIL7ok2Wl2aZevetwTAb5S+7yIF+enA==",
      "dev": true,
      "license": "MIT",
      "peer": true,
      "dependencies": {
        "undici-types": "~7.8.0"
      }
    },
    "node_modules/@types/web": {
      "version": "0.0.245",
      "resolved": "https://registry.npmjs.org/@types/web/-/web-0.0.245.tgz",
      "integrity": "sha512-5s22F3vYKEWohx9WypNZdxsriryFcEDklOkf1X6WFyYw2TufXMOGzpEwE0Norox/BnCfA7NC/k7XuwdIhZpj3A==",
      "dev": true,
      "license": "Apache-2.0",
      "peer": true
    },
    "node_modules/undici-types": {
      "version": "7.8.0",
      "resolved": "https://registry.npmjs.org/undici-types/-/undici-types-7.8.0.tgz",
      "integrity": "sha512-9UJ2xGDvQ43tYyVMpuHlsgApydB8ZKfVYTsLDhXkFL/6gfkp+U8xTGdh8pMJv1SpZna0zxG1DwsKZsreLbXBxw==",
      "dev": true,
      "license": "MIT",
      "peer": true
    }
  }
}
