{
  "name": "@anio-software/pkg.random-identifier",
  "version": "0.0.2",
  "lockfileVersion": 3,
  "requires": true,
  "packages": {
    "": {
      "name": "@anio-software/pkg.random-identifier",
      "version": "0.0.2",
      "license": "MIT",
      "devDependencies": {
        "@anio-software/enkore": "^0.0.174-canary-ae146ae5-df05f6b5",
        "@anio-software/enkore.core": "^0.11.22-canary-5564f69f-71984fdf"
      }
    },
    "node_modules/@anio-software/enkore": {
      "version": "0.0.174-canary-ae146ae5-df05f6b5",
      "resolved": "https://npm-registry.anio.software/@anio-software/enkore/-/enkore-0.0.174-canary-ae146ae5-df05f6b5.tgz",
      "integrity": "sha512-PApYZ/a267yGo73SHrP96IfXEQhFBhpHT/bDXFZLCJxNjcsKFQvrOjYTEhMujTHSAXfHiiqh9k7OW32IW7TLDg==",
      "dev": true,
      "license": "MIT",
      "bin": {
        "enkore": "bin/enkore.mjs"
      },
      "engines": {
        "node": ">=23.6.x"
      }
    },
    "node_modules/@anio-software/enkore.core": {
      "version": "0.11.22-canary-5564f69f-71984fdf",
      "resolved": "https://npm-registry.anio.software/@anio-software/enkore.core/-/enkore.core-0.11.22-canary-5564f69f-71984fdf.tgz",
      "integrity": "sha512-nS1tc9haDwslJgG68ZWZjsOGFxBw4yIx87sSps3lm/+xEJ+XUk5uSJiIAqI/lvTXlg05/CBH7Y1JCJe/16NSMg==",
      "dev": true,
      "license": "MIT",
      "engines": {
        "node": ">=23.6.x"
      }
    }
  }
}
